<?xml version="1.0" encoding="utf-8"?>
<Project ToolsVersion="17.0" xmlns="http://schemas.microsoft.com/developer/msbuild/2003">
  <ItemGroup>
    <ClCompile Include="E:\projects\Rocket League\RLIdentityDLL\RLIdentity.cpp">
      <Filter>Source Files</Filter>
    </ClCompile>
  </ItemGroup>
  <ItemGroup>
    <CustomBuild Include="E:\projects\Rocket League\RLIdentityDLL\CMakeLists.txt" />
  </ItemGroup>
  <ItemGroup>
    <Filter Include="Source Files">
      <UniqueIdentifier>{D9686458-0809-3610-81AE-89C83F6BA76B}</UniqueIdentifier>
    </Filter>
  </ItemGroup>
</Project>
